
Microsoft Visual Studio Solution File, Format Version 12.00
# Visual Studio Version 17
VisualStudioVersion = 17.11.35327.3
MinimumVisualStudioVersion = 10.0.40219.1
Project("{FAE04EC0-301F-11D3-BF4B-00C04F79EFBC}") = "Restaurant", "Restaurant.csproj", "{F616543D-7642-4D9A-ABE6-9ED2F9498872}"
EndProject
Project("{FAE04EC0-301F-11D3-BF4B-00C04F79EFBC}") = "Tests", "..\Tests\Tests.csproj", "{3DFC731E-CE92-4012-BD41-0761A825F3D5}"
EndProject
Project("{FAE04EC0-301F-11D3-BF4B-00C04F79EFBC}") = "Model", "..\Model\Model.csproj", "{42C4723B-D8B7-40C3-84F8-E12B6D15E96E}"
EndProject
Global
	GlobalSection(SolutionConfigurationPlatforms) = preSolution
		Debug|Any CPU = Debug|Any CPU
		Release|Any CPU = Release|Any CPU
	EndGlobalSection
	GlobalSection(ProjectConfigurationPlatforms) = postSolution
		{F616543D-7642-4D9A-ABE6-9ED2F9498872}.Debug|Any CPU.ActiveCfg = Debug|Any CPU
		{F616543D-7642-4D9A-ABE6-9ED2F9498872}.Debug|Any CPU.Build.0 = Debug|Any CPU
		{F616543D-7642-4D9A-ABE6-9ED2F9498872}.Release|Any CPU.ActiveCfg = Release|Any CPU
		{F616543D-7642-4D9A-ABE6-9ED2F9498872}.Release|Any CPU.Build.0 = Release|Any CPU
		{3DFC731E-CE92-4012-BD41-0761A825F3D5}.Debug|Any CPU.ActiveCfg = Debug|Any CPU
		{3DFC731E-CE92-4012-BD41-0761A825F3D5}.Debug|Any CPU.Build.0 = Debug|Any CPU
		{3DFC731E-CE92-4012-BD41-0761A825F3D5}.Release|Any CPU.ActiveCfg = Release|Any CPU
		{3DFC731E-CE92-4012-BD41-0761A825F3D5}.Release|Any CPU.Build.0 = Release|Any CPU
		{42C4723B-D8B7-40C3-84F8-E12B6D15E96E}.Debug|Any CPU.ActiveCfg = Debug|Any CPU
		{42C4723B-D8B7-40C3-84F8-E12B6D15E96E}.Debug|Any CPU.Build.0 = Debug|Any CPU
		{42C4723B-D8B7-40C3-84F8-E12B6D15E96E}.Release|Any CPU.ActiveCfg = Release|Any CPU
		{42C4723B-D8B7-40C3-84F8-E12B6D15E96E}.Release|Any CPU.Build.0 = Release|Any CPU
	EndGlobalSection
	GlobalSection(SolutionProperties) = preSolution
		HideSolutionNode = FALSE
	EndGlobalSection
	GlobalSection(ExtensibilityGlobals) = postSolution
		SolutionGuid = {559D58DF-976D-4B6F-BFDD-F2A637D4A194}
	EndGlobalSection
EndGlobal
