
Microsoft Visual Studio Solution File, Format Version 12.00
# Visual Studio Version 17
VisualStudioVersion = 17.11.35327.3
MinimumVisualStudioVersion = 10.0.40219.1
Project("{FAE04EC0-301F-11D3-BF4B-00C04F79EFBC}") = "Restaurant", "Restaurant.csproj", "{6F14B874-AA03-44FF-B792-854D43BA446C}"
EndProject
Project("{FAE04EC0-301F-11D3-BF4B-00C04F79EFBC}") = "Model", "..\Model\Model.csproj", "{A821F7A9-50CC-49CE-807A-275018A01BC1}"
EndProject
Project("{FAE04EC0-301F-11D3-BF4B-00C04F79EFBC}") = "UnitTests", "..\UnitTests\UnitTests.csproj", "{94C2E0D4-BB45-46C6-935D-515C4BA54296}"
EndProject
Global
	GlobalSection(SolutionConfigurationPlatforms) = preSolution
		Debug|Any CPU = Debug|Any CPU
		Release|Any CPU = Release|Any CPU
	EndGlobalSection
	GlobalSection(ProjectConfigurationPlatforms) = postSolution
		{6F14B874-AA03-44FF-B792-854D43BA446C}.Debug|Any CPU.ActiveCfg = Debug|Any CPU
		{6F14B874-AA03-44FF-B792-854D43BA446C}.Debug|Any CPU.Build.0 = Debug|Any CPU
		{6F14B874-AA03-44FF-B792-854D43BA446C}.Release|Any CPU.ActiveCfg = Release|Any CPU
		{6F14B874-AA03-44FF-B792-854D43BA446C}.Release|Any CPU.Build.0 = Release|Any CPU
		{A821F7A9-50CC-49CE-807A-275018A01BC1}.Debug|Any CPU.ActiveCfg = Debug|Any CPU
		{A821F7A9-50CC-49CE-807A-275018A01BC1}.Debug|Any CPU.Build.0 = Debug|Any CPU
		{A821F7A9-50CC-49CE-807A-275018A01BC1}.Release|Any CPU.ActiveCfg = Release|Any CPU
		{A821F7A9-50CC-49CE-807A-275018A01BC1}.Release|Any CPU.Build.0 = Release|Any CPU
		{94C2E0D4-BB45-46C6-935D-515C4BA54296}.Debug|Any CPU.ActiveCfg = Debug|Any CPU
		{94C2E0D4-BB45-46C6-935D-515C4BA54296}.Debug|Any CPU.Build.0 = Debug|Any CPU
		{94C2E0D4-BB45-46C6-935D-515C4BA54296}.Release|Any CPU.ActiveCfg = Release|Any CPU
		{94C2E0D4-BB45-46C6-935D-515C4BA54296}.Release|Any CPU.Build.0 = Release|Any CPU
	EndGlobalSection
	GlobalSection(SolutionProperties) = preSolution
		HideSolutionNode = FALSE
	EndGlobalSection
	GlobalSection(ExtensibilityGlobals) = postSolution
		SolutionGuid = {D3EEB4F8-8123-44F1-9273-CF818A8A435A}
	EndGlobalSection
EndGlobal
